
Microsoft Visual Studio Solution File, Format Version 12.00
Project("{FAE04EC0-301F-11D3-BF4B-00C04F79EFBC}") = "api", "api\api.csproj", "{7D0C9BA6-1C22-4563-BAD7-AD97B0A0A01C}"
EndProject
Project("{FAE04EC0-301F-11D3-BF4B-00C04F79EFBC}") = "Test.api", "Test\Test.api\Test.api.csproj", "{0BD9C043-E9B8-463A-9C32-6F3EB17D40FF}"
EndProject
Project("{FAE04EC0-301F-11D3-BF4B-00C04F79EFBC}") = "Services", "Services\Services.csproj", "{72B8C007-EB86-4916-8764-6133B6456DC2}"
EndProject
Project("{FAE04EC0-301F-11D3-BF4B-00C04F79EFBC}") = "Interface", "Interface\Interface.csproj", "{E5660A96-6245-4287-8CCA-881CB683BE81}"
EndProject
Global
	GlobalSection(SolutionConfigurationPlatforms) = preSolution
		Debug|Any CPU = Debug|Any CPU
		Release|Any CPU = Release|Any CPU
	EndGlobalSection
	GlobalSection(ProjectConfigurationPlatforms) = postSolution
		{7D0C9BA6-1C22-4563-BAD7-AD97B0A0A01C}.Debug|Any CPU.ActiveCfg = Debug|Any CPU
		{7D0C9BA6-1C22-4563-BAD7-AD97B0A0A01C}.Debug|Any CPU.Build.0 = Debug|Any CPU
		{7D0C9BA6-1C22-4563-BAD7-AD97B0A0A01C}.Release|Any CPU.ActiveCfg = Release|Any CPU
		{7D0C9BA6-1C22-4563-BAD7-AD97B0A0A01C}.Release|Any CPU.Build.0 = Release|Any CPU
		{0BD9C043-E9B8-463A-9C32-6F3EB17D40FF}.Debug|Any CPU.ActiveCfg = Debug|Any CPU
		{0BD9C043-E9B8-463A-9C32-6F3EB17D40FF}.Debug|Any CPU.Build.0 = Debug|Any CPU
		{0BD9C043-E9B8-463A-9C32-6F3EB17D40FF}.Release|Any CPU.ActiveCfg = Release|Any CPU
		{0BD9C043-E9B8-463A-9C32-6F3EB17D40FF}.Release|Any CPU.Build.0 = Release|Any CPU
		{72B8C007-EB86-4916-8764-6133B6456DC2}.Debug|Any CPU.ActiveCfg = Debug|Any CPU
		{72B8C007-EB86-4916-8764-6133B6456DC2}.Debug|Any CPU.Build.0 = Debug|Any CPU
		{72B8C007-EB86-4916-8764-6133B6456DC2}.Release|Any CPU.ActiveCfg = Release|Any CPU
		{72B8C007-EB86-4916-8764-6133B6456DC2}.Release|Any CPU.Build.0 = Release|Any CPU
		{E5660A96-6245-4287-8CCA-881CB683BE81}.Debug|Any CPU.ActiveCfg = Debug|Any CPU
		{E5660A96-6245-4287-8CCA-881CB683BE81}.Debug|Any CPU.Build.0 = Debug|Any CPU
		{E5660A96-6245-4287-8CCA-881CB683BE81}.Release|Any CPU.ActiveCfg = Release|Any CPU
		{E5660A96-6245-4287-8CCA-881CB683BE81}.Release|Any CPU.Build.0 = Release|Any CPU
	EndGlobalSection
EndGlobal
